
Microsoft Visual Studio Solution File, Format Version 12.00
# Visual Studio Version 16
VisualStudioVersion = 16.0.31624.102
MinimumVisualStudioVersion = 10.0.40219.1
Project("{9A19103F-16F7-4668-BE54-9A1E7A4F7556}") = "Task01", "seminar1\Task01.csproj", "{C32897C8-EA68-4B59-9675-2DEAA6F6B46D}"
EndProject
Project("{FAE04EC0-301F-11D3-BF4B-00C04F79EFBC}") = "Task2", "Task2\Task2.csproj", "{8E645A1D-1E33-48A6-9060-C4DE1D700161}"
EndProject
Project("{FAE04EC0-301F-11D3-BF4B-00C04F79EFBC}") = "ASCIIDecoder", "ASCIIDecoder\ASCIIDecoder.csproj", "{47D488DE-2A98-4CB3-A426-3F30312CC5CC}"
EndProject
Project("{FAE04EC0-301F-11D3-BF4B-00C04F79EFBC}") = "Task04", "Task04\Task04.csproj", "{38154D99-C53A-4EF2-8DD9-9221222B1755}"
EndProject
Project("{FAE04EC0-301F-11D3-BF4B-00C04F79EFBC}") = "Task05", "Task05\Task05.csproj", "{6CDDDDFE-6521-4053-A896-918021F8450F}"
EndProject
Global
	GlobalSection(SolutionConfigurationPlatforms) = preSolution
		Debug|Any CPU = Debug|Any CPU
		Release|Any CPU = Release|Any CPU
	EndGlobalSection
	GlobalSection(ProjectConfigurationPlatforms) = postSolution
		{C32897C8-EA68-4B59-9675-2DEAA6F6B46D}.Debug|Any CPU.ActiveCfg = Debug|Any CPU
		{C32897C8-EA68-4B59-9675-2DEAA6F6B46D}.Debug|Any CPU.Build.0 = Debug|Any CPU
		{C32897C8-EA68-4B59-9675-2DEAA6F6B46D}.Release|Any CPU.ActiveCfg = Release|Any CPU
		{C32897C8-EA68-4B59-9675-2DEAA6F6B46D}.Release|Any CPU.Build.0 = Release|Any CPU
		{8E645A1D-1E33-48A6-9060-C4DE1D700161}.Debug|Any CPU.ActiveCfg = Debug|Any CPU
		{8E645A1D-1E33-48A6-9060-C4DE1D700161}.Debug|Any CPU.Build.0 = Debug|Any CPU
		{8E645A1D-1E33-48A6-9060-C4DE1D700161}.Release|Any CPU.ActiveCfg = Release|Any CPU
		{8E645A1D-1E33-48A6-9060-C4DE1D700161}.Release|Any CPU.Build.0 = Release|Any CPU
		{47D488DE-2A98-4CB3-A426-3F30312CC5CC}.Debug|Any CPU.ActiveCfg = Debug|Any CPU
		{47D488DE-2A98-4CB3-A426-3F30312CC5CC}.Debug|Any CPU.Build.0 = Debug|Any CPU
		{47D488DE-2A98-4CB3-A426-3F30312CC5CC}.Release|Any CPU.ActiveCfg = Release|Any CPU
		{47D488DE-2A98-4CB3-A426-3F30312CC5CC}.Release|Any CPU.Build.0 = Release|Any CPU
		{38154D99-C53A-4EF2-8DD9-9221222B1755}.Debug|Any CPU.ActiveCfg = Debug|Any CPU
		{38154D99-C53A-4EF2-8DD9-9221222B1755}.Debug|Any CPU.Build.0 = Debug|Any CPU
		{38154D99-C53A-4EF2-8DD9-9221222B1755}.Release|Any CPU.ActiveCfg = Release|Any CPU
		{38154D99-C53A-4EF2-8DD9-9221222B1755}.Release|Any CPU.Build.0 = Release|Any CPU
		{6CDDDDFE-6521-4053-A896-918021F8450F}.Debug|Any CPU.ActiveCfg = Debug|Any CPU
		{6CDDDDFE-6521-4053-A896-918021F8450F}.Debug|Any CPU.Build.0 = Debug|Any CPU
		{6CDDDDFE-6521-4053-A896-918021F8450F}.Release|Any CPU.ActiveCfg = Release|Any CPU
		{6CDDDDFE-6521-4053-A896-918021F8450F}.Release|Any CPU.Build.0 = Release|Any CPU
	EndGlobalSection
	GlobalSection(SolutionProperties) = preSolution
		HideSolutionNode = FALSE
	EndGlobalSection
	GlobalSection(ExtensibilityGlobals) = postSolution
		SolutionGuid = {A5EC241D-9655-4FC6-B8EB-D972AA5E7D5F}
	EndGlobalSection
EndGlobal
